
Microsoft Visual Studio Solution File, Format Version 12.00
# Visual Studio 2013
VisualStudioVersion = 12.0.40629.0
MinimumVisualStudioVersion = 10.0.40219.1
Project("{FAE04EC0-301F-11D3-BF4B-00C04F79EFBC}") = "CultureBase", "WebApplication3\CultureBase.csproj", "{0A00E382-7968-4F91-AEE0-5A150FD18931}"
EndProject
Project("{FAE04EC0-301F-11D3-BF4B-00C04F79EFBC}") = "Resources", "Resources\Resources.csproj", "{8DE681A2-31C7-4408-A437-4652DDC6D1DB}"
EndProject
Project("{FAE04EC0-301F-11D3-BF4B-00C04F79EFBC}") = "ResourceBuilder", "ResourceBuilder\ResourceBuilder.csproj", "{D0F06F6F-1B9D-4DCA-8823-32B4B30F7CC5}"
EndProject
Global
	GlobalSection(SolutionConfigurationPlatforms) = preSolution
		Debug|Any CPU = Debug|Any CPU
		Release|Any CPU = Release|Any CPU
	EndGlobalSection
	GlobalSection(ProjectConfigurationPlatforms) = postSolution
		{0A00E382-7968-4F91-AEE0-5A150FD18931}.Debug|Any CPU.ActiveCfg = Debug|Any CPU
		{0A00E382-7968-4F91-AEE0-5A150FD18931}.Debug|Any CPU.Build.0 = Debug|Any CPU
		{0A00E382-7968-4F91-AEE0-5A150FD18931}.Release|Any CPU.ActiveCfg = Release|Any CPU
		{0A00E382-7968-4F91-AEE0-5A150FD18931}.Release|Any CPU.Build.0 = Release|Any CPU
		{8DE681A2-31C7-4408-A437-4652DDC6D1DB}.Debug|Any CPU.ActiveCfg = Debug|Any CPU
		{8DE681A2-31C7-4408-A437-4652DDC6D1DB}.Debug|Any CPU.Build.0 = Debug|Any CPU
		{8DE681A2-31C7-4408-A437-4652DDC6D1DB}.Release|Any CPU.ActiveCfg = Release|Any CPU
		{8DE681A2-31C7-4408-A437-4652DDC6D1DB}.Release|Any CPU.Build.0 = Release|Any CPU
		{D0F06F6F-1B9D-4DCA-8823-32B4B30F7CC5}.Debug|Any CPU.ActiveCfg = Debug|Any CPU
		{D0F06F6F-1B9D-4DCA-8823-32B4B30F7CC5}.Debug|Any CPU.Build.0 = Debug|Any CPU
		{D0F06F6F-1B9D-4DCA-8823-32B4B30F7CC5}.Release|Any CPU.ActiveCfg = Release|Any CPU
		{D0F06F6F-1B9D-4DCA-8823-32B4B30F7CC5}.Release|Any CPU.Build.0 = Release|Any CPU
	EndGlobalSection
	GlobalSection(SolutionProperties) = preSolution
		HideSolutionNode = FALSE
	EndGlobalSection
EndGlobal
